
Microsoft Visual Studio Solution File, Format Version 12.00
# Visual Studio Version 16
VisualStudioVersion = 16.0.32901.82
MinimumVisualStudioVersion = 10.0.40219.1
Project("{FAE04EC0-301F-11D3-BF4B-00C04F79EFBC}") = "CVMTrojan.Uncloseble", "CVMTrojan.Uncloseble.csproj", "{F9E7B297-565C-4BA7-9AF0-2E8A4A187BF4}"
EndProject
Global
	GlobalSection(SolutionConfigurationPlatforms) = preSolution
		Debug|Any CPU = Debug|Any CPU
		Release|Any CPU = Release|Any CPU
	EndGlobalSection
	GlobalSection(ProjectConfigurationPlatforms) = postSolution
		{F9E7B297-565C-4BA7-9AF0-2E8A4A187BF4}.Debug|Any CPU.ActiveCfg = Debug|Any CPU
		{F9E7B297-565C-4BA7-9AF0-2E8A4A187BF4}.Debug|Any CPU.Build.0 = Debug|Any CPU
		{F9E7B297-565C-4BA7-9AF0-2E8A4A187BF4}.Release|Any CPU.ActiveCfg = Release|Any CPU
		{F9E7B297-565C-4BA7-9AF0-2E8A4A187BF4}.Release|Any CPU.Build.0 = Release|Any CPU
	EndGlobalSection
	GlobalSection(SolutionProperties) = preSolution
		HideSolutionNode = FALSE
	EndGlobalSection
	GlobalSection(ExtensibilityGlobals) = postSolution
		SolutionGuid = {AF298E90-144B-4D94-A291-F539BC7470BF}
	EndGlobalSection
EndGlobal
